{
    "name": "wwwroot",
    "version": "1.0.0",
    "lockfileVersion": 3,
    "requires": true,
    "packages": {
        "": {
            "name": "wwwroot",
            "version": "1.0.0",
            "license": "MIT",
            "dependencies": {
                "@aiursoft/autodark.js": "^1.2.0",
                "@aiursoft/utctime.js": "^1.0.0",
                "@fortawesome/fontawesome-free": "^6.5.1",
                "chart.js": "^4.4.1",
                "datatables.net-bs4": "^1.13.8",
                "jquery": "^3.5.1"
            }
        },
        "node_modules/@aiursoft/autodark.js": {
            "version": "1.2.0",
            "resolved": "https://npm.aiursoft.com/@aiursoft/autodark.js/-/autodark.js-1.2.0.tgz",
            "integrity": "sha512-3EZh7AaT2ns2DGq24HMcNxAjSVSST49t/tZhR2MV0pxrwYgb+1SCk6zj9qv4TJB1bAixM0K/5nsH0YazZzfvng==",
            "license": "MIT",
            "dependencies": {
                "bootstrap": "^4.6.2"
            }
        },
        "node_modules/@aiursoft/utctime.js": {
            "version": "1.0.5",
            "resolved": "https://npm.aiursoft.com/@aiursoft/utctime.js/-/utctime.js-1.0.5.tgz",
            "integrity": "sha512-3ScbfwrqeWuoKMSKR2+Exqx4iyKqMk3lu6WmrPsHep2p8JsADqBiN/cLVoEjJzzrJK6ZOQZD1CvKBe70fIpTVg==",
            "license": "MIT"
        },
        "node_modules/@fortawesome/fontawesome-free": {
            "version": "6.7.2",
            "resolved": "https://npm.aiursoft.com/@fortawesome/fontawesome-free/-/fontawesome-free-6.7.2.tgz",
            "integrity": "sha512-JUOtgFW6k9u4Y+xeIaEiLr3+cjoUPiAuLXoyKOJSia6Duzb7pq+A76P9ZdPDoAoxHdHzq6gE9/jKBGXlZT8FbA==",
            "license": "(CC-BY-4.0 AND OFL-1.1 AND MIT)",
            "engines": {
                "node": ">=6"
            }
        },
        "node_modules/@kurkle/color": {
            "version": "0.3.4",
            "resolved": "https://npm.aiursoft.com/@kurkle/color/-/color-0.3.4.tgz",
            "integrity": "sha512-M5UknZPHRu3DEDWoipU6sE8PdkZ6Z/S+v4dD+Ke8IaNlpdSQah50lz1KtcFBa2vsdOnwbbnxJwVM4wty6udA5w==",
            "license": "MIT"
        },
        "node_modules/bootstrap": {
            "version": "4.6.2",
            "resolved": "https://npm.aiursoft.com/bootstrap/-/bootstrap-4.6.2.tgz",
            "integrity": "sha512-51Bbp/Uxr9aTuy6ca/8FbFloBUJZLHwnhTcnjIeRn2suQWsWzcuJhGjKDB5eppVte/8oCdOL3VuwxvZDUggwGQ==",
            "funding": [
                {
                    "type": "github",
                    "url": "https://github.com/sponsors/twbs"
                },
                {
                    "type": "opencollective",
                    "url": "https://opencollective.com/bootstrap"
                }
            ],
            "license": "MIT",
            "peerDependencies": {
                "jquery": "1.9.1 - 3",
                "popper.js": "^1.16.1"
            }
        },
        "node_modules/chart.js": {
            "version": "4.4.7",
            "resolved": "https://npm.aiursoft.com/chart.js/-/chart.js-4.4.7.tgz",
            "integrity": "sha512-pwkcKfdzTMAU/+jNosKhNL2bHtJc/sSmYgVbuGTEDhzkrhmyihmP7vUc/5ZK9WopidMDHNe3Wm7jOd/WhuHWuw==",
            "license": "MIT",
            "dependencies": {
                "@kurkle/color": "^0.3.0"
            },
            "engines": {
                "pnpm": ">=8"
            }
        },
        "node_modules/datatables.net": {
            "version": "1.13.11",
            "resolved": "https://npm.aiursoft.com/datatables.net/-/datatables.net-1.13.11.tgz",
            "integrity": "sha512-AE6RkMXziRaqzPcu/pl3SJXeRa6fmXQG/fVjuRESujvkzqDCYEeKTTpPMuVJSGYJpPi32WGSphVNNY1G4nSN/g==",
            "license": "MIT",
            "dependencies": {
                "jquery": "1.8 - 4"
            }
        },
        "node_modules/datatables.net-bs4": {
            "version": "1.13.11",
            "resolved": "https://npm.aiursoft.com/datatables.net-bs4/-/datatables.net-bs4-1.13.11.tgz",
            "integrity": "sha512-1LnxzQDFKpwvBETc8wtUtQ+pUXhs6NJomNST5pRzzHAccckkj9rZeOp3mevKDnDJKuNhBM1Y0rIeZGylJnqh9A==",
            "license": "MIT",
            "dependencies": {
                "datatables.net": "1.13.11",
                "jquery": "1.8 - 4"
            }
        },
        "node_modules/jquery": {
            "version": "3.7.1",
            "resolved": "https://npm.aiursoft.com/jquery/-/jquery-3.7.1.tgz",
            "integrity": "sha512-m4avr8yL8kmFN8psrbFFFmB/If14iN5o9nw/NgnnM+kybDJpRsAynV2BsfpTYrTRysYUdADVD7CkUUizgkpLfg==",
            "license": "MIT"
        },
        "node_modules/popper.js": {
            "version": "1.16.1",
            "resolved": "https://npm.aiursoft.com/popper.js/-/popper.js-1.16.1.tgz",
            "integrity": "sha512-Wb4p1J4zyFTbM+u6WuO4XstYx4Ky9Cewe4DWrel7B0w6VVICvPwdOpotjzcf6eD8TsckVnIMNONQyPIUFOUbCQ==",
            "deprecated": "You can find the new Popper v2 at @popperjs/core, this package is dedicated to the legacy v1",
            "license": "MIT",
            "peer": true,
            "funding": {
                "type": "opencollective",
                "url": "https://opencollective.com/popperjs"
            }
        }
    }
}
